
Microsoft Visual Studio Solution File, Format Version 12.00
# Visual Studio Version 16
VisualStudioVersion = 16.0.33027.164
MinimumVisualStudioVersion = 10.0.40219.1
Project("{FAE04EC0-301F-11D3-BF4B-00C04F79EFBC}") = "CAB (Cognitive Amplitude Battery", "CAB (Cognitive Amplitude Battery.csproj", "{6842549D-A7BC-422A-855B-F61F92122A49}"
EndProject
Global
	GlobalSection(SolutionConfigurationPlatforms) = preSolution
		Debug|Any CPU = Debug|Any CPU
		Release|Any CPU = Release|Any CPU
	EndGlobalSection
	GlobalSection(ProjectConfigurationPlatforms) = postSolution
		{6842549D-A7BC-422A-855B-F61F92122A49}.Debug|Any CPU.ActiveCfg = Debug|Any CPU
		{6842549D-A7BC-422A-855B-F61F92122A49}.Debug|Any CPU.Build.0 = Debug|Any CPU
		{6842549D-A7BC-422A-855B-F61F92122A49}.Release|Any CPU.ActiveCfg = Release|Any CPU
		{6842549D-A7BC-422A-855B-F61F92122A49}.Release|Any CPU.Build.0 = Release|Any CPU
	EndGlobalSection
	GlobalSection(SolutionProperties) = preSolution
		HideSolutionNode = FALSE
	EndGlobalSection
	GlobalSection(ExtensibilityGlobals) = postSolution
		SolutionGuid = {EDFCCF76-B31A-439C-9C05-489D2D052A8B}
	EndGlobalSection
EndGlobal
